
Microsoft Visual Studio Solution File, Format Version 12.00
# Visual Studio Version 17
VisualStudioVersion = 17.6.33815.320
MinimumVisualStudioVersion = 10.0.40219.1
Project("{FAE04EC0-301F-11D3-BF4B-00C04F79EFBC}") = "CRUDWebApplication", "CRUDWebApplication.csproj", "{8974A4B5-D60B-4DEF-9BAB-E4FD1810A1DE}"
EndProject
Global
	GlobalSection(SolutionConfigurationPlatforms) = preSolution
		Debug|Any CPU = Debug|Any CPU
		Release|Any CPU = Release|Any CPU
	EndGlobalSection
	GlobalSection(ProjectConfigurationPlatforms) = postSolution
		{8974A4B5-D60B-4DEF-9BAB-E4FD1810A1DE}.Debug|Any CPU.ActiveCfg = Debug|Any CPU
		{8974A4B5-D60B-4DEF-9BAB-E4FD1810A1DE}.Debug|Any CPU.Build.0 = Debug|Any CPU
		{8974A4B5-D60B-4DEF-9BAB-E4FD1810A1DE}.Release|Any CPU.ActiveCfg = Release|Any CPU
		{8974A4B5-D60B-4DEF-9BAB-E4FD1810A1DE}.Release|Any CPU.Build.0 = Release|Any CPU
	EndGlobalSection
	GlobalSection(SolutionProperties) = preSolution
		HideSolutionNode = FALSE
	EndGlobalSection
	GlobalSection(ExtensibilityGlobals) = postSolution
		SolutionGuid = {9E00BCA5-6B3F-4449-85F7-A02E7D66D6B0}
	EndGlobalSection
EndGlobal
